
Microsoft Visual Studio Solution File, Format Version 12.00
# Visual Studio 15
VisualStudioVersion = 15.0.27428.2027
MinimumVisualStudioVersion = 10.0.40219.1
Project("{FAE04EC0-301F-11D3-BF4B-00C04F79EFBC}") = "Loxee", "Loxee\Loxee.csproj", "{9A6C80E7-07A6-4832-BD5C-06B465B00ADD}"
EndProject
Global
	GlobalSection(SolutionConfigurationPlatforms) = preSolution
		Debug|Any CPU = Debug|Any CPU
		Release|Any CPU = Release|Any CPU
	EndGlobalSection
	GlobalSection(ProjectConfigurationPlatforms) = postSolution
		{9A6C80E7-07A6-4832-BD5C-06B465B00ADD}.Debug|Any CPU.ActiveCfg = Debug|Any CPU
		{9A6C80E7-07A6-4832-BD5C-06B465B00ADD}.Debug|Any CPU.Build.0 = Debug|Any CPU
		{9A6C80E7-07A6-4832-BD5C-06B465B00ADD}.Release|Any CPU.ActiveCfg = Release|Any CPU
		{9A6C80E7-07A6-4832-BD5C-06B465B00ADD}.Release|Any CPU.Build.0 = Release|Any CPU
	EndGlobalSection
	GlobalSection(SolutionProperties) = preSolution
		HideSolutionNode = FALSE
	EndGlobalSection
	GlobalSection(ExtensibilityGlobals) = postSolution
		SolutionGuid = {FF9FA065-4905-446C-AE97-AA963EBA4A3C}
	EndGlobalSection
EndGlobal
